Microsoft Visual Studio Solution File, Format Version 12.00
# Visual Studio 14
VisualStudioVersion = 14.0.24720.0
MinimumVisualStudioVersion = 10.0.40219.1
Project("{F184B08F-C81C-45F6-A57F-5ABD9991F28F}") = "ScreenGrab5", "Screengrab5.4\ScreenGrab5.vbproj", "{D5CE7CF2-503C-4D58-A7E7-19540B56FB4E}"
EndProject
Project("{F184B08F-C81C-45F6-A57F-5ABD9991F28F}") = "VUMLCodeGeneration", "VUMLCodeGeneration\VUMLCodeGeneration.vbproj", "{7FBDA1EF-4CC6-47DC-9170-AD3A423F9352}"
EndProject
Project("{FAE04EC0-301F-11D3-BF4B-00C04F79EFBC}") = "ScreenGrab6.HelperLib", "ScreenGrab6.HelperLib\ScreenGrab6.HelperLib.csproj", "{64AF3C31-F33C-4DA4-87A8-C620DF892556}"
EndProject
Project("{F184B08F-C81C-45F6-A57F-5ABD9991F28F}") = "ScreenGrab6.Alpha", "ScreenGrab6.Alpha\ScreenGrab6.Alpha.vbproj", "{65B34038-C29A-4C3E-A22C-D59B9E902FC8}"
EndProject
Project("{F184B08F-C81C-45F6-A57F-5ABD9991F28F}") = "ScreenGrab6.Vector", "ScreenGrab6.Vector\ScreenGrab6.Vector.vbproj", "{16761B3C-F9D5-4871-A1D6-9ACB36CE6458}"
EndProject
Project("{F184B08F-C81C-45F6-A57F-5ABD9991F28F}") = "Collage", "Collage\Collage.vbproj", "{F81F60FB-6D95-4033-8CE2-AC1C76DE4373}"
EndProject
Project("{930C7802-8A8C-48F9-8165-68863BCCD9DD}") = "SetupProject1", "SetupProject1\SetupProject1.wixproj", "{8DBBE8AC-0F79-468E-B7F7-301366C8D531}"
EndProject
Project("{FAE04EC0-301F-11D3-BF4B-00C04F79EFBC}") = "SetupCustomAction1", "SetupCustomAction1\SetupCustomAction1.csproj", "{13CFB8B2-A1CD-4D61-B5BC-4BEC0CDC23E1}"
EndProject
Global
	GlobalSection(SolutionConfigurationPlatforms) = preSolution
		CD_ROM|Any CPU = CD_ROM|Any CPU
		CD_ROM|x86 = CD_ROM|x86
		Debug|Any CPU = Debug|Any CPU
		Debug|x86 = Debug|x86
		DVD-5|Any CPU = DVD-5|Any CPU
		DVD-5|x86 = DVD-5|x86
		Release|Any CPU = Release|Any CPU
		Release|x86 = Release|x86
		SingleImage|Any CPU = SingleImage|Any CPU
		SingleImage|x86 = SingleImage|x86
	EndGlobalSection
	GlobalSection(ProjectConfigurationPlatforms) = postSolution
		{D5CE7CF2-503C-4D58-A7E7-19540B56FB4E}.CD_ROM|Any CPU.ActiveCfg = Release|Any CPU
		{D5CE7CF2-503C-4D58-A7E7-19540B56FB4E}.CD_ROM|Any CPU.Build.0 = Release|Any CPU
		{D5CE7CF2-503C-4D58-A7E7-19540B56FB4E}.CD_ROM|x86.ActiveCfg = Debug|Any CPU
		{D5CE7CF2-503C-4D58-A7E7-19540B56FB4E}.CD_ROM|x86.Build.0 = Debug|Any CPU
		{D5CE7CF2-503C-4D58-A7E7-19540B56FB4E}.Debug|Any CPU.ActiveCfg = Debug|Any CPU
		{D5CE7CF2-503C-4D58-A7E7-19540B56FB4E}.Debug|Any CPU.Build.0 = Debug|Any CPU
		{D5CE7CF2-503C-4D58-A7E7-19540B56FB4E}.Debug|x86.ActiveCfg = Debug|Any CPU
		{D5CE7CF2-503C-4D58-A7E7-19540B56FB4E}.Debug|x86.Build.0 = Debug|Any CPU
		{D5CE7CF2-503C-4D58-A7E7-19540B56FB4E}.DVD-5|Any CPU.ActiveCfg = Debug|Any CPU
		{D5CE7CF2-503C-4D58-A7E7-19540B56FB4E}.DVD-5|Any CPU.Build.0 = Debug|Any CPU
		{D5CE7CF2-503C-4D58-A7E7-19540B56FB4E}.DVD-5|x86.ActiveCfg = Debug|Any CPU
		{D5CE7CF2-503C-4D58-A7E7-19540B56FB4E}.DVD-5|x86.Build.0 = Debug|Any CPU
		{D5CE7CF2-503C-4D58-A7E7-19540B56FB4E}.Release|Any CPU.ActiveCfg = Release|Any CPU
		{D5CE7CF2-503C-4D58-A7E7-19540B56FB4E}.Release|Any CPU.Build.0 = Release|Any CPU
		{D5CE7CF2-503C-4D58-A7E7-19540B56FB4E}.Release|x86.ActiveCfg = Release|Any CPU
		{D5CE7CF2-503C-4D58-A7E7-19540B56FB4E}.Release|x86.Build.0 = Release|Any CPU
		{D5CE7CF2-503C-4D58-A7E7-19540B56FB4E}.SingleImage|Any CPU.ActiveCfg = Release|Any CPU
		{D5CE7CF2-503C-4D58-A7E7-19540B56FB4E}.SingleImage|Any CPU.Build.0 = Release|Any CPU
		{D5CE7CF2-503C-4D58-A7E7-19540B56FB4E}.SingleImage|x86.ActiveCfg = Debug|Any CPU
		{D5CE7CF2-503C-4D58-A7E7-19540B56FB4E}.SingleImage|x86.Build.0 = Debug|Any CPU
		{7FBDA1EF-4CC6-47DC-9170-AD3A423F9352}.CD_ROM|Any CPU.ActiveCfg = Release|Any CPU
		{7FBDA1EF-4CC6-47DC-9170-AD3A423F9352}.CD_ROM|x86.ActiveCfg = Debug|Any CPU
		{7FBDA1EF-4CC6-47DC-9170-AD3A423F9352}.Debug|Any CPU.ActiveCfg = Debug|Any CPU
		{7FBDA1EF-4CC6-47DC-9170-AD3A423F9352}.Debug|Any CPU.Build.0 = Debug|Any CPU
		{7FBDA1EF-4CC6-47DC-9170-AD3A423F9352}.Debug|x86.ActiveCfg = Debug|Any CPU
		{7FBDA1EF-4CC6-47DC-9170-AD3A423F9352}.DVD-5|Any CPU.ActiveCfg = Debug|Any CPU
		{7FBDA1EF-4CC6-47DC-9170-AD3A423F9352}.DVD-5|x86.ActiveCfg = Debug|Any CPU
		{7FBDA1EF-4CC6-47DC-9170-AD3A423F9352}.Release|Any CPU.ActiveCfg = Release|Any CPU
		{7FBDA1EF-4CC6-47DC-9170-AD3A423F9352}.Release|Any CPU.Build.0 = Release|Any CPU
		{7FBDA1EF-4CC6-47DC-9170-AD3A423F9352}.Release|x86.ActiveCfg = Release|Any CPU
		{7FBDA1EF-4CC6-47DC-9170-AD3A423F9352}.SingleImage|Any CPU.ActiveCfg = Release|Any CPU
		{7FBDA1EF-4CC6-47DC-9170-AD3A423F9352}.SingleImage|x86.ActiveCfg = Debug|Any CPU
		{64AF3C31-F33C-4DA4-87A8-C620DF892556}.CD_ROM|Any CPU.ActiveCfg = Release|Any CPU
		{64AF3C31-F33C-4DA4-87A8-C620DF892556}.CD_ROM|Any CPU.Build.0 = Release|Any CPU
		{64AF3C31-F33C-4DA4-87A8-C620DF892556}.CD_ROM|x86.ActiveCfg = Debug|Any CPU
		{64AF3C31-F33C-4DA4-87A8-C620DF892556}.CD_ROM|x86.Build.0 = Debug|Any CPU
		{64AF3C31-F33C-4DA4-87A8-C620DF892556}.Debug|Any CPU.ActiveCfg = Debug|Any CPU
		{64AF3C31-F33C-4DA4-87A8-C620DF892556}.Debug|Any CPU.Build.0 = Debug|Any CPU
		{64AF3C31-F33C-4DA4-87A8-C620DF892556}.Debug|x86.ActiveCfg = Debug|Any CPU
		{64AF3C31-F33C-4DA4-87A8-C620DF892556}.Debug|x86.Build.0 = Debug|Any CPU
		{64AF3C31-F33C-4DA4-87A8-C620DF892556}.DVD-5|Any CPU.ActiveCfg = Debug|Any CPU
		{64AF3C31-F33C-4DA4-87A8-C620DF892556}.DVD-5|Any CPU.Build.0 = Debug|Any CPU
		{64AF3C31-F33C-4DA4-87A8-C620DF892556}.DVD-5|x86.ActiveCfg = Debug|Any CPU
		{64AF3C31-F33C-4DA4-87A8-C620DF892556}.DVD-5|x86.Build.0 = Debug|Any CPU
		{64AF3C31-F33C-4DA4-87A8-C620DF892556}.Release|Any CPU.ActiveCfg = Release|Any CPU
		{64AF3C31-F33C-4DA4-87A8-C620DF892556}.Release|Any CPU.Build.0 = Release|Any CPU
		{64AF3C31-F33C-4DA4-87A8-C620DF892556}.Release|x86.ActiveCfg = Release|Any CPU
		{64AF3C31-F33C-4DA4-87A8-C620DF892556}.Release|x86.Build.0 = Release|Any CPU
		{64AF3C31-F33C-4DA4-87A8-C620DF892556}.SingleImage|Any CPU.ActiveCfg = Release|Any CPU
		{64AF3C31-F33C-4DA4-87A8-C620DF892556}.SingleImage|Any CPU.Build.0 = Release|Any CPU
		{64AF3C31-F33C-4DA4-87A8-C620DF892556}.SingleImage|x86.ActiveCfg = Debug|Any CPU
		{64AF3C31-F33C-4DA4-87A8-C620DF892556}.SingleImage|x86.Build.0 = Debug|Any CPU
		{65B34038-C29A-4C3E-A22C-D59B9E902FC8}.CD_ROM|Any CPU.ActiveCfg = Release|Any CPU
		{65B34038-C29A-4C3E-A22C-D59B9E902FC8}.CD_ROM|Any CPU.Build.0 = Release|Any CPU
		{65B34038-C29A-4C3E-A22C-D59B9E902FC8}.CD_ROM|x86.ActiveCfg = Debug|Any CPU
		{65B34038-C29A-4C3E-A22C-D59B9E902FC8}.CD_ROM|x86.Build.0 = Debug|Any CPU
		{65B34038-C29A-4C3E-A22C-D59B9E902FC8}.Debug|Any CPU.ActiveCfg = Debug|Any CPU
		{65B34038-C29A-4C3E-A22C-D59B9E902FC8}.Debug|Any CPU.Build.0 = Debug|Any CPU
		{65B34038-C29A-4C3E-A22C-D59B9E902FC8}.Debug|x86.ActiveCfg = Debug|Any CPU
		{65B34038-C29A-4C3E-A22C-D59B9E902FC8}.Debug|x86.Build.0 = Debug|Any CPU
		{65B34038-C29A-4C3E-A22C-D59B9E902FC8}.DVD-5|Any CPU.ActiveCfg = Debug|Any CPU
		{65B34038-C29A-4C3E-A22C-D59B9E902FC8}.DVD-5|Any CPU.Build.0 = Debug|Any CPU
		{65B34038-C29A-4C3E-A22C-D59B9E902FC8}.DVD-5|x86.ActiveCfg = Debug|Any CPU
		{65B34038-C29A-4C3E-A22C-D59B9E902FC8}.DVD-5|x86.Build.0 = Debug|Any CPU
		{65B34038-C29A-4C3E-A22C-D59B9E902FC8}.Release|Any CPU.ActiveCfg = Release|Any CPU
		{65B34038-C29A-4C3E-A22C-D59B9E902FC8}.Release|Any CPU.Build.0 = Release|Any CPU
		{65B34038-C29A-4C3E-A22C-D59B9E902FC8}.Release|x86.ActiveCfg = Release|Any CPU
		{65B34038-C29A-4C3E-A22C-D59B9E902FC8}.Release|x86.Build.0 = Release|Any CPU
		{65B34038-C29A-4C3E-A22C-D59B9E902FC8}.SingleImage|Any CPU.ActiveCfg = Release|Any CPU
		{65B34038-C29A-4C3E-A22C-D59B9E902FC8}.SingleImage|Any CPU.Build.0 = Release|Any CPU
		{65B34038-C29A-4C3E-A22C-D59B9E902FC8}.SingleImage|x86.ActiveCfg = Debug|Any CPU
		{65B34038-C29A-4C3E-A22C-D59B9E902FC8}.SingleImage|x86.Build.0 = Debug|Any CPU
		{16761B3C-F9D5-4871-A1D6-9ACB36CE6458}.CD_ROM|Any CPU.ActiveCfg = Release|Any CPU
		{16761B3C-F9D5-4871-A1D6-9ACB36CE6458}.CD_ROM|Any CPU.Build.0 = Release|Any CPU
		{16761B3C-F9D5-4871-A1D6-9ACB36CE6458}.CD_ROM|x86.ActiveCfg = Debug|Any CPU
		{16761B3C-F9D5-4871-A1D6-9ACB36CE6458}.CD_ROM|x86.Build.0 = Debug|Any CPU
		{16761B3C-F9D5-4871-A1D6-9ACB36CE6458}.Debug|Any CPU.ActiveCfg = Debug|Any CPU
		{16761B3C-F9D5-4871-A1D6-9ACB36CE6458}.Debug|Any CPU.Build.0 = Debug|Any CPU
		{16761B3C-F9D5-4871-A1D6-9ACB36CE6458}.Debug|x86.ActiveCfg = Debug|Any CPU
		{16761B3C-F9D5-4871-A1D6-9ACB36CE6458}.Debug|x86.Build.0 = Debug|Any CPU
		{16761B3C-F9D5-4871-A1D6-9ACB36CE6458}.DVD-5|Any CPU.ActiveCfg = Debug|Any CPU
		{16761B3C-F9D5-4871-A1D6-9ACB36CE6458}.DVD-5|Any CPU.Build.0 = Debug|Any CPU
		{16761B3C-F9D5-4871-A1D6-9ACB36CE6458}.DVD-5|x86.ActiveCfg = Debug|Any CPU
		{16761B3C-F9D5-4871-A1D6-9ACB36CE6458}.DVD-5|x86.Build.0 = Debug|Any CPU
		{16761B3C-F9D5-4871-A1D6-9ACB36CE6458}.Release|Any CPU.ActiveCfg = Release|Any CPU
		{16761B3C-F9D5-4871-A1D6-9ACB36CE6458}.Release|Any CPU.Build.0 = Release|Any CPU
		{16761B3C-F9D5-4871-A1D6-9ACB36CE6458}.Release|x86.ActiveCfg = Release|Any CPU
		{16761B3C-F9D5-4871-A1D6-9ACB36CE6458}.Release|x86.Build.0 = Release|Any CPU
		{16761B3C-F9D5-4871-A1D6-9ACB36CE6458}.SingleImage|Any CPU.ActiveCfg = Release|Any CPU
		{16761B3C-F9D5-4871-A1D6-9ACB36CE6458}.SingleImage|Any CPU.Build.0 = Release|Any CPU
		{16761B3C-F9D5-4871-A1D6-9ACB36CE6458}.SingleImage|x86.ActiveCfg = Debug|Any CPU
		{16761B3C-F9D5-4871-A1D6-9ACB36CE6458}.SingleImage|x86.Build.0 = Debug|Any CPU
		{F81F60FB-6D95-4033-8CE2-AC1C76DE4373}.CD_ROM|Any CPU.ActiveCfg = Release|Any CPU
		{F81F60FB-6D95-4033-8CE2-AC1C76DE4373}.CD_ROM|Any CPU.Build.0 = Release|Any CPU
		{F81F60FB-6D95-4033-8CE2-AC1C76DE4373}.CD_ROM|x86.ActiveCfg = Debug|Any CPU
		{F81F60FB-6D95-4033-8CE2-AC1C76DE4373}.CD_ROM|x86.Build.0 = Debug|Any CPU
		{F81F60FB-6D95-4033-8CE2-AC1C76DE4373}.Debug|Any CPU.ActiveCfg = Debug|Any CPU
		{F81F60FB-6D95-4033-8CE2-AC1C76DE4373}.Debug|Any CPU.Build.0 = Debug|Any CPU
		{F81F60FB-6D95-4033-8CE2-AC1C76DE4373}.Debug|x86.ActiveCfg = Debug|Any CPU
		{F81F60FB-6D95-4033-8CE2-AC1C76DE4373}.Debug|x86.Build.0 = Debug|Any CPU
		{F81F60FB-6D95-4033-8CE2-AC1C76DE4373}.DVD-5|Any CPU.ActiveCfg = Debug|Any CPU
		{F81F60FB-6D95-4033-8CE2-AC1C76DE4373}.DVD-5|Any CPU.Build.0 = Debug|Any CPU
		{F81F60FB-6D95-4033-8CE2-AC1C76DE4373}.DVD-5|x86.ActiveCfg = Debug|Any CPU
		{F81F60FB-6D95-4033-8CE2-AC1C76DE4373}.DVD-5|x86.Build.0 = Debug|Any CPU
		{F81F60FB-6D95-4033-8CE2-AC1C76DE4373}.Release|Any CPU.ActiveCfg = Release|Any CPU
		{F81F60FB-6D95-4033-8CE2-AC1C76DE4373}.Release|Any CPU.Build.0 = Release|Any CPU
		{F81F60FB-6D95-4033-8CE2-AC1C76DE4373}.Release|x86.ActiveCfg = Release|Any CPU
		{F81F60FB-6D95-4033-8CE2-AC1C76DE4373}.Release|x86.Build.0 = Release|Any CPU
		{F81F60FB-6D95-4033-8CE2-AC1C76DE4373}.SingleImage|Any CPU.ActiveCfg = Release|Any CPU
		{F81F60FB-6D95-4033-8CE2-AC1C76DE4373}.SingleImage|Any CPU.Build.0 = Release|Any CPU
		{F81F60FB-6D95-4033-8CE2-AC1C76DE4373}.SingleImage|x86.ActiveCfg = Debug|Any CPU
		{F81F60FB-6D95-4033-8CE2-AC1C76DE4373}.SingleImage|x86.Build.0 = Debug|Any CPU
		{8DBBE8AC-0F79-468E-B7F7-301366C8D531}.CD_ROM|Any CPU.ActiveCfg = Release|x86
		{8DBBE8AC-0F79-468E-B7F7-301366C8D531}.CD_ROM|Any CPU.Build.0 = Release|x86
		{8DBBE8AC-0F79-468E-B7F7-301366C8D531}.CD_ROM|x86.ActiveCfg = Release|x86
		{8DBBE8AC-0F79-468E-B7F7-301366C8D531}.CD_ROM|x86.Build.0 = Release|x86
		{8DBBE8AC-0F79-468E-B7F7-301366C8D531}.Debug|Any CPU.ActiveCfg = Debug|x86
		{8DBBE8AC-0F79-468E-B7F7-301366C8D531}.Debug|x86.ActiveCfg = Debug|x86
		{8DBBE8AC-0F79-468E-B7F7-301366C8D531}.Debug|x86.Build.0 = Debug|x86
		{8DBBE8AC-0F79-468E-B7F7-301366C8D531}.DVD-5|Any CPU.ActiveCfg = Release|x86
		{8DBBE8AC-0F79-468E-B7F7-301366C8D531}.DVD-5|Any CPU.Build.0 = Release|x86
		{8DBBE8AC-0F79-468E-B7F7-301366C8D531}.DVD-5|x86.ActiveCfg = Debug|x86
		{8DBBE8AC-0F79-468E-B7F7-301366C8D531}.DVD-5|x86.Build.0 = Debug|x86
		{8DBBE8AC-0F79-468E-B7F7-301366C8D531}.Release|Any CPU.ActiveCfg = Release|x86
		{8DBBE8AC-0F79-468E-B7F7-301366C8D531}.Release|x86.ActiveCfg = Release|x86
		{8DBBE8AC-0F79-468E-B7F7-301366C8D531}.Release|x86.Build.0 = Release|x86
		{8DBBE8AC-0F79-468E-B7F7-301366C8D531}.SingleImage|Any CPU.ActiveCfg = Release|x86
		{8DBBE8AC-0F79-468E-B7F7-301366C8D531}.SingleImage|Any CPU.Build.0 = Release|x86
		{8DBBE8AC-0F79-468E-B7F7-301366C8D531}.SingleImage|x86.ActiveCfg = Release|x86
		{8DBBE8AC-0F79-468E-B7F7-301366C8D531}.SingleImage|x86.Build.0 = Release|x86
		{13CFB8B2-A1CD-4D61-B5BC-4BEC0CDC23E1}.CD_ROM|Any CPU.ActiveCfg = Release|x86
		{13CFB8B2-A1CD-4D61-B5BC-4BEC0CDC23E1}.CD_ROM|Any CPU.Build.0 = Release|x86
		{13CFB8B2-A1CD-4D61-B5BC-4BEC0CDC23E1}.CD_ROM|x86.ActiveCfg = Release|x86
		{13CFB8B2-A1CD-4D61-B5BC-4BEC0CDC23E1}.CD_ROM|x86.Build.0 = Release|x86
		{13CFB8B2-A1CD-4D61-B5BC-4BEC0CDC23E1}.Debug|Any CPU.ActiveCfg = Debug|x86
		{13CFB8B2-A1CD-4D61-B5BC-4BEC0CDC23E1}.Debug|x86.ActiveCfg = Debug|x86
		{13CFB8B2-A1CD-4D61-B5BC-4BEC0CDC23E1}.Debug|x86.Build.0 = Debug|x86
		{13CFB8B2-A1CD-4D61-B5BC-4BEC0CDC23E1}.DVD-5|Any CPU.ActiveCfg = Release|x86
		{13CFB8B2-A1CD-4D61-B5BC-4BEC0CDC23E1}.DVD-5|Any CPU.Build.0 = Release|x86
		{13CFB8B2-A1CD-4D61-B5BC-4BEC0CDC23E1}.DVD-5|x86.ActiveCfg = Debug|x86
		{13CFB8B2-A1CD-4D61-B5BC-4BEC0CDC23E1}.DVD-5|x86.Build.0 = Debug|x86
		{13CFB8B2-A1CD-4D61-B5BC-4BEC0CDC23E1}.Release|Any CPU.ActiveCfg = Release|x86
		{13CFB8B2-A1CD-4D61-B5BC-4BEC0CDC23E1}.Release|x86.ActiveCfg = Release|x86
		{13CFB8B2-A1CD-4D61-B5BC-4BEC0CDC23E1}.Release|x86.Build.0 = Release|x86
		{13CFB8B2-A1CD-4D61-B5BC-4BEC0CDC23E1}.SingleImage|Any CPU.ActiveCfg = Release|x86
		{13CFB8B2-A1CD-4D61-B5BC-4BEC0CDC23E1}.SingleImage|Any CPU.Build.0 = Release|x86
		{13CFB8B2-A1CD-4D61-B5BC-4BEC0CDC23E1}.SingleImage|x86.ActiveCfg = Release|x86
		{13CFB8B2-A1CD-4D61-B5BC-4BEC0CDC23E1}.SingleImage|x86.Build.0 = Release|x86
	EndGlobalSection
	GlobalSection(SolutionProperties) = preSolution
		HideSolutionNode = FALSE
	EndGlobalSection
EndGlobal
